PODS:
  - FDFullscreenPopGesture (1.1)
  - Masonry (1.1.0)

DEPENDENCIES:
  - FDFullscreenPopGesture
  - Masonry

SPEC REPOS:
  https://github.com/CocoaPods/Specs.git:
    - FDFullscreenPopGesture
    - Masonry

SPEC CHECKSUMS:
  FDFullscreenPopGesture: a8a620179e3d9c40e8e00256dcee1c1a27c6d0f0
  Masonry: 678fab65091a9290e40e2832a55e7ab731aad201

PODFILE CHECKSUM: 1eb2a05000940b901603b8e5e512c0313cb65f5f

COCOAPODS: 1.9.1
